
Microsoft Visual Studio Solution File, Format Version 12.00
# Visual Studio Version 17
VisualStudioVersion = 17.5.002.0
MinimumVisualStudioVersion = 10.0.40219.1
Project("{2150E333-8FDC-42A3-9474-1A3956D46DE8}") = "sandbox", "sandbox", "{42A711C1-4DA0-4282-B97D-C962D7E62324}"
EndProject
Project("{9A19103F-16F7-4668-BE54-9A1E7A4F7556}") = "sandbox_project", "sandbox\sandbox_project\sandbox_project.csproj", "{D8611098-64BA-4D17-9683-3665015F6FF4}"
EndProject
Project("{2150E333-8FDC-42A3-9474-1A3956D46DE8}") = "week01", "week01", "{D7632A77-F0A6-45FC-8EA0-80B04DABEB4B}"
EndProject
Project("{9A19103F-16F7-4668-BE54-9A1E7A4F7556}") = "analyze", "week01\analyze\analyze.csproj", "{D18840BF-3702-4668-A139-72EA55F405F1}"
EndProject
Project("{9A19103F-16F7-4668-BE54-9A1E7A4F7556}") = "code", "week01\code\code.csproj", "{B31202E3-FCAD-4B44-A5E4-461BAF53A4BC}"
EndProject
Project("{9A19103F-16F7-4668-BE54-9A1E7A4F7556}") = "teach", "week01\teach\teach.csproj", "{FF3FAD5E-6B0D-4814-B93A-A43D5D833B34}"
EndProject
Project("{2150E333-8FDC-42A3-9474-1A3956D46DE8}") = "week02", "week02", "{CECBF7F5-E737-4055-B7A1-60EBB49765AB}"
EndProject
Project("{9A19103F-16F7-4668-BE54-9A1E7A4F7556}") = "analyze", "week02\analyze\analyze.csproj", "{ACE88B16-2543-472D-A5C6-0A998BA583C6}"
EndProject
Project("{9A19103F-16F7-4668-BE54-9A1E7A4F7556}") = "code", "week02\code\code.csproj", "{BAC5A4E8-989F-4987-BCD6-118D7B29EC2D}"
EndProject
Project("{9A19103F-16F7-4668-BE54-9A1E7A4F7556}") = "learn", "week02\learn\learn.csproj", "{1AA5D555-8D44-4AD4-8D99-415AE3D72C4A}"
EndProject
Project("{9A19103F-16F7-4668-BE54-9A1E7A4F7556}") = "teach", "week02\teach\teach.csproj", "{63BBA7EB-E413-48BA-9EEE-04AFA4BD02EB}"
EndProject
Project("{2150E333-8FDC-42A3-9474-1A3956D46DE8}") = "week03", "week03", "{3690C347-10FD-44DC-85F3-B11F549319A2}"
EndProject
Project("{9A19103F-16F7-4668-BE54-9A1E7A4F7556}") = "code", "week03\code\code.csproj", "{4282B9EF-D52A-4201-967B-84E7E2DB1CB3}"
EndProject
Project("{9A19103F-16F7-4668-BE54-9A1E7A4F7556}") = "learn", "week03\learn\learn.csproj", "{AC93EF4A-B572-420E-A326-9CB27B53CF4D}"
EndProject
Project("{9A19103F-16F7-4668-BE54-9A1E7A4F7556}") = "teach", "week03\teach\teach.csproj", "{0D71147E-A391-4F2A-BB0A-5A0A22373E26}"
EndProject
Project("{2150E333-8FDC-42A3-9474-1A3956D46DE8}") = "week04", "week04", "{A72BD480-CEA4-4F0D-8782-D239E2342759}"
EndProject
Project("{9A19103F-16F7-4668-BE54-9A1E7A4F7556}") = "code", "week04\code\code.csproj", "{C0E3F0B6-20A5-4D6E-A418-16686E16DF13}"
EndProject
Project("{2150E333-8FDC-42A3-9474-1A3956D46DE8}") = "week05", "week05", "{45FE4C7A-7459-44BC-A602-8E9D861626AA}"
EndProject
Project("{9A19103F-16F7-4668-BE54-9A1E7A4F7556}") = "code", "week05\code\code.csproj", "{C0F42DFE-8793-4D0C-A3BB-B3D6BF2E8B0C}"
EndProject
Project("{2150E333-8FDC-42A3-9474-1A3956D46DE8}") = "week06", "week06", "{C9B747C9-261B-433D-9B4D-B1AFBC99CD93}"
EndProject
Project("{9A19103F-16F7-4668-BE54-9A1E7A4F7556}") = "code", "week06\code\code.csproj", "{E7A98D04-3570-4CEE-8A78-315FF883C944}"
EndProject
Global
	GlobalSection(SolutionConfigurationPlatforms) = preSolution
		Debug|Any CPU = Debug|Any CPU
		Release|Any CPU = Release|Any CPU
	EndGlobalSection
	GlobalSection(ProjectConfigurationPlatforms) = postSolution
		{D8611098-64BA-4D17-9683-3665015F6FF4}.Debug|Any CPU.ActiveCfg = Debug|Any CPU
		{D8611098-64BA-4D17-9683-3665015F6FF4}.Debug|Any CPU.Build.0 = Debug|Any CPU
		{D8611098-64BA-4D17-9683-3665015F6FF4}.Release|Any CPU.ActiveCfg = Release|Any CPU
		{D8611098-64BA-4D17-9683-3665015F6FF4}.Release|Any CPU.Build.0 = Release|Any CPU
		{D18840BF-3702-4668-A139-72EA55F405F1}.Debug|Any CPU.ActiveCfg = Debug|Any CPU
		{D18840BF-3702-4668-A139-72EA55F405F1}.Debug|Any CPU.Build.0 = Debug|Any CPU
		{D18840BF-3702-4668-A139-72EA55F405F1}.Release|Any CPU.ActiveCfg = Release|Any CPU
		{D18840BF-3702-4668-A139-72EA55F405F1}.Release|Any CPU.Build.0 = Release|Any CPU
		{B31202E3-FCAD-4B44-A5E4-461BAF53A4BC}.Debug|Any CPU.ActiveCfg = Debug|Any CPU
		{B31202E3-FCAD-4B44-A5E4-461BAF53A4BC}.Debug|Any CPU.Build.0 = Debug|Any CPU
		{B31202E3-FCAD-4B44-A5E4-461BAF53A4BC}.Release|Any CPU.ActiveCfg = Release|Any CPU
		{B31202E3-FCAD-4B44-A5E4-461BAF53A4BC}.Release|Any CPU.Build.0 = Release|Any CPU
		{FF3FAD5E-6B0D-4814-B93A-A43D5D833B34}.Debug|Any CPU.ActiveCfg = Debug|Any CPU
		{FF3FAD5E-6B0D-4814-B93A-A43D5D833B34}.Debug|Any CPU.Build.0 = Debug|Any CPU
		{FF3FAD5E-6B0D-4814-B93A-A43D5D833B34}.Release|Any CPU.ActiveCfg = Release|Any CPU
		{FF3FAD5E-6B0D-4814-B93A-A43D5D833B34}.Release|Any CPU.Build.0 = Release|Any CPU
		{ACE88B16-2543-472D-A5C6-0A998BA583C6}.Debug|Any CPU.ActiveCfg = Debug|Any CPU
		{ACE88B16-2543-472D-A5C6-0A998BA583C6}.Debug|Any CPU.Build.0 = Debug|Any CPU
		{ACE88B16-2543-472D-A5C6-0A998BA583C6}.Release|Any CPU.ActiveCfg = Release|Any CPU
		{ACE88B16-2543-472D-A5C6-0A998BA583C6}.Release|Any CPU.Build.0 = Release|Any CPU
		{BAC5A4E8-989F-4987-BCD6-118D7B29EC2D}.Debug|Any CPU.ActiveCfg = Debug|Any CPU
		{BAC5A4E8-989F-4987-BCD6-118D7B29EC2D}.Debug|Any CPU.Build.0 = Debug|Any CPU
		{BAC5A4E8-989F-4987-BCD6-118D7B29EC2D}.Release|Any CPU.ActiveCfg = Release|Any CPU
		{BAC5A4E8-989F-4987-BCD6-118D7B29EC2D}.Release|Any CPU.Build.0 = Release|Any CPU
		{1AA5D555-8D44-4AD4-8D99-415AE3D72C4A}.Debug|Any CPU.ActiveCfg = Debug|Any CPU
		{1AA5D555-8D44-4AD4-8D99-415AE3D72C4A}.Debug|Any CPU.Build.0 = Debug|Any CPU
		{1AA5D555-8D44-4AD4-8D99-415AE3D72C4A}.Release|Any CPU.ActiveCfg = Release|Any CPU
		{1AA5D555-8D44-4AD4-8D99-415AE3D72C4A}.Release|Any CPU.Build.0 = Release|Any CPU
		{63BBA7EB-E413-48BA-9EEE-04AFA4BD02EB}.Debug|Any CPU.ActiveCfg = Debug|Any CPU
		{63BBA7EB-E413-48BA-9EEE-04AFA4BD02EB}.Debug|Any CPU.Build.0 = Debug|Any CPU
		{63BBA7EB-E413-48BA-9EEE-04AFA4BD02EB}.Release|Any CPU.ActiveCfg = Release|Any CPU
		{63BBA7EB-E413-48BA-9EEE-04AFA4BD02EB}.Release|Any CPU.Build.0 = Release|Any CPU
		{4282B9EF-D52A-4201-967B-84E7E2DB1CB3}.Debug|Any CPU.ActiveCfg = Debug|Any CPU
		{4282B9EF-D52A-4201-967B-84E7E2DB1CB3}.Debug|Any CPU.Build.0 = Debug|Any CPU
		{4282B9EF-D52A-4201-967B-84E7E2DB1CB3}.Release|Any CPU.ActiveCfg = Release|Any CPU
		{4282B9EF-D52A-4201-967B-84E7E2DB1CB3}.Release|Any CPU.Build.0 = Release|Any CPU
		{AC93EF4A-B572-420E-A326-9CB27B53CF4D}.Debug|Any CPU.ActiveCfg = Debug|Any CPU
		{AC93EF4A-B572-420E-A326-9CB27B53CF4D}.Debug|Any CPU.Build.0 = Debug|Any CPU
		{AC93EF4A-B572-420E-A326-9CB27B53CF4D}.Release|Any CPU.ActiveCfg = Release|Any CPU
		{AC93EF4A-B572-420E-A326-9CB27B53CF4D}.Release|Any CPU.Build.0 = Release|Any CPU
		{0D71147E-A391-4F2A-BB0A-5A0A22373E26}.Debug|Any CPU.ActiveCfg = Debug|Any CPU
		{0D71147E-A391-4F2A-BB0A-5A0A22373E26}.Debug|Any CPU.Build.0 = Debug|Any CPU
		{0D71147E-A391-4F2A-BB0A-5A0A22373E26}.Release|Any CPU.ActiveCfg = Release|Any CPU
		{0D71147E-A391-4F2A-BB0A-5A0A22373E26}.Release|Any CPU.Build.0 = Release|Any CPU
		{C0E3F0B6-20A5-4D6E-A418-16686E16DF13}.Debug|Any CPU.ActiveCfg = Debug|Any CPU
		{C0E3F0B6-20A5-4D6E-A418-16686E16DF13}.Debug|Any CPU.Build.0 = Debug|Any CPU
		{C0E3F0B6-20A5-4D6E-A418-16686E16DF13}.Release|Any CPU.ActiveCfg = Release|Any CPU
		{C0E3F0B6-20A5-4D6E-A418-16686E16DF13}.Release|Any CPU.Build.0 = Release|Any CPU
		{C0F42DFE-8793-4D0C-A3BB-B3D6BF2E8B0C}.Debug|Any CPU.ActiveCfg = Debug|Any CPU
		{C0F42DFE-8793-4D0C-A3BB-B3D6BF2E8B0C}.Debug|Any CPU.Build.0 = Debug|Any CPU
		{C0F42DFE-8793-4D0C-A3BB-B3D6BF2E8B0C}.Release|Any CPU.ActiveCfg = Release|Any CPU
		{C0F42DFE-8793-4D0C-A3BB-B3D6BF2E8B0C}.Release|Any CPU.Build.0 = Release|Any CPU
		{E7A98D04-3570-4CEE-8A78-315FF883C944}.Debug|Any CPU.ActiveCfg = Debug|Any CPU
		{E7A98D04-3570-4CEE-8A78-315FF883C944}.Debug|Any CPU.Build.0 = Debug|Any CPU
		{E7A98D04-3570-4CEE-8A78-315FF883C944}.Release|Any CPU.ActiveCfg = Release|Any CPU
		{E7A98D04-3570-4CEE-8A78-315FF883C944}.Release|Any CPU.Build.0 = Release|Any CPU
	EndGlobalSection
	GlobalSection(SolutionProperties) = preSolution
		HideSolutionNode = FALSE
	EndGlobalSection
	GlobalSection(NestedProjects) = preSolution
		{D8611098-64BA-4D17-9683-3665015F6FF4} = {42A711C1-4DA0-4282-B97D-C962D7E62324}
		{D18840BF-3702-4668-A139-72EA55F405F1} = {D7632A77-F0A6-45FC-8EA0-80B04DABEB4B}
		{B31202E3-FCAD-4B44-A5E4-461BAF53A4BC} = {D7632A77-F0A6-45FC-8EA0-80B04DABEB4B}
		{FF3FAD5E-6B0D-4814-B93A-A43D5D833B34} = {D7632A77-F0A6-45FC-8EA0-80B04DABEB4B}
		{ACE88B16-2543-472D-A5C6-0A998BA583C6} = {CECBF7F5-E737-4055-B7A1-60EBB49765AB}
		{BAC5A4E8-989F-4987-BCD6-118D7B29EC2D} = {CECBF7F5-E737-4055-B7A1-60EBB49765AB}
		{1AA5D555-8D44-4AD4-8D99-415AE3D72C4A} = {CECBF7F5-E737-4055-B7A1-60EBB49765AB}
		{63BBA7EB-E413-48BA-9EEE-04AFA4BD02EB} = {CECBF7F5-E737-4055-B7A1-60EBB49765AB}
		{4282B9EF-D52A-4201-967B-84E7E2DB1CB3} = {3690C347-10FD-44DC-85F3-B11F549319A2}
		{AC93EF4A-B572-420E-A326-9CB27B53CF4D} = {3690C347-10FD-44DC-85F3-B11F549319A2}
		{0D71147E-A391-4F2A-BB0A-5A0A22373E26} = {3690C347-10FD-44DC-85F3-B11F549319A2}
		{C0E3F0B6-20A5-4D6E-A418-16686E16DF13} = {A72BD480-CEA4-4F0D-8782-D239E2342759}
		{C0F42DFE-8793-4D0C-A3BB-B3D6BF2E8B0C} = {45FE4C7A-7459-44BC-A602-8E9D861626AA}
		{E7A98D04-3570-4CEE-8A78-315FF883C944} = {C9B747C9-261B-433D-9B4D-B1AFBC99CD93}
	EndGlobalSection
	GlobalSection(ExtensibilityGlobals) = postSolution
		SolutionGuid = {E51310E5-79A6-4290-97D5-A7C76A022E8D}
	EndGlobalSection
EndGlobal
